
Microsoft Visual Studio Solution File, Format Version 12.00
# Visual Studio Version 17
VisualStudioVersion = 17.9.34723.18
MinimumVisualStudioVersion = 10.0.40219.1
Project("{9A19103F-16F7-4668-BE54-9A1E7A4F7556}") = "RabbitMQ.Publisher", "RabbitMQ.Publisher\RabbitMQ.Publisher.csproj", "{282A7816-040D-4A90-AE26-055A0FCD1CC3}"
EndProject
Global
	GlobalSection(SolutionConfigurationPlatforms) = preSolution
		Debug|Any CPU = Debug|Any CPU
		Release|Any CPU = Release|Any CPU
	EndGlobalSection
	GlobalSection(ProjectConfigurationPlatforms) = postSolution
		{282A7816-040D-4A90-AE26-055A0FCD1CC3}.Debug|Any CPU.ActiveCfg = Debug|Any CPU
		{282A7816-040D-4A90-AE26-055A0FCD1CC3}.Debug|Any CPU.Build.0 = Debug|Any CPU
		{282A7816-040D-4A90-AE26-055A0FCD1CC3}.Release|Any CPU.ActiveCfg = Release|Any CPU
		{282A7816-040D-4A90-AE26-055A0FCD1CC3}.Release|Any CPU.Build.0 = Release|Any CPU
	EndGlobalSection
	GlobalSection(SolutionProperties) = preSolution
		HideSolutionNode = FALSE
	EndGlobalSection
	GlobalSection(ExtensibilityGlobals) = postSolution
		SolutionGuid = {4484B686-EAF4-4241-B184-012B68052439}
	EndGlobalSection
EndGlobal
